# THIS IS AN AUTOGENERATED FILE. DO NOT EDIT THIS FILE DIRECTLY.
# yarn lockfile v1


"@types/graphql@^14.5.0":
  "integrity" "sha512-MOkzsEp1Jk5bXuAsHsUi6BVv0zCO+7/2PTiZMXWDSsMXvNU6w/PLMQT2vHn8hy2i0JqojPz1Sz6rsFjHtsU0lA=="
  "resolved" "https://registry.npmjs.org/@types/graphql/-/graphql-14.5.0.tgz"
  "version" "14.5.0"
  dependencies:
    "graphql" "*"

"graphql@*":
  "integrity" "sha512-5gghUc24tP9HRznNpV2+FIoq3xKkj5dTQqf4v0CpdPbFVwFkWoxOM+o+2OC9ZSvjEMTjfmG9QT+gcvggTwW1zw=="
  "resolved" "https://registry.npmjs.org/graphql/-/graphql-15.8.0.tgz"
  "version" "15.8.0"
